// !$*UTF8*$!
{
	archiveVersion = 1;
	classes = {
	};
	objectVersion = 56;
	objects = {

/* Begin PBXBuildFile section */
		A50000000000000000000002 /* AsterVegaDemoApp.swift in Sources */ = {isa = PBXBuildFile; fileRef = A50000000000000000000001 /* AsterVegaDemoApp.swift */; };
		A50000000000000000000004 /* GalleryView.swift in Sources */ = {isa = PBXBuildFile; fileRef = A50000000000000000000003 /* GalleryView.swift */; };
		A50000000000000000000006 /* VegaChartView.swift in Sources */ = {isa = PBXBuildFile; fileRef = A50000000000000000000005 /* VegaChartView.swift */; };
		A50000000000000000000008 /* SpecLibrary.swift in Sources */ = {isa = PBXBuildFile; fileRef = A50000000000000000000007 /* SpecLibrary.swift */; };
		A5000000000000000000000A /* DrawTarget.swift in Sources */ = {isa = PBXBuildFile; fileRef = A50000000000000000000009 /* DrawTarget.swift */; };
		A5000000000000000000000C /* SceneWalk.swift in Sources */ = {isa = PBXBuildFile; fileRef = A5000000000000000000000B /* SceneWalk.swift */; };
		A5000000000000000000000E /* CoreGraphicsTarget.swift in Sources */ = {isa = PBXBuildFile; fileRef = A5000000000000000000000D /* CoreGraphicsTarget.swift */; };
		A50000000000000000000010 /* RecordingTarget.swift in Sources */ = {isa = PBXBuildFile; fileRef = A5000000000000000000000F /* RecordingTarget.swift */; };
		A50000000000000000000012 /* CoreTextDrawing.swift in Sources */ = {isa = PBXBuildFile; fileRef = A50000000000000000000011 /* CoreTextDrawing.swift */; };
		A50000000000000000000014 /* Specs in Resources */ = {isa = PBXBuildFile; fileRef = A50000000000000000000013 /* Specs */; };
		A50000000000000000000016 /* AsterVega.xcframework in Frameworks */ = {isa = PBXBuildFile; fileRef = A50000000000000000000015 /* AsterVega.xcframework */; };
		A5000000000000000000002A /* ChartControls.swift in Sources */ = {isa = PBXBuildFile; fileRef = A50000000000000000000029 /* ChartControls.swift */; };
		A5000000000000000000002C /* ChartSession.swift in Sources */ = {isa = PBXBuildFile; fileRef = A5000000000000000000002B /* ChartSession.swift */; };
		A50000000000000000000042 /* DemoLaunch.swift in Sources */ = {isa = PBXBuildFile; fileRef = A50000000000000000000041 /* DemoLaunch.swift */; };
		A5000000000000000000002E /* PasteSpecView.swift in Sources */ = {isa = PBXBuildFile; fileRef = A5000000000000000000002D /* PasteSpecView.swift */; };
		A50000000000000000000030 /* data in Resources */ = {isa = PBXBuildFile; fileRef = A5000000000000000000002F /* data */; };
		A50000000000000000000032 /* VegaDataLoader.swift in Sources */ = {isa = PBXBuildFile; fileRef = A50000000000000000000031 /* VegaDataLoader.swift */; };
		A50000000000000000000034 /* CoreTextFonts.swift in Sources */ = {isa = PBXBuildFile; fileRef = A50000000000000000000033 /* CoreTextFonts.swift */; };
		A50000000000000000000036 /* CoreTextTextEngine.swift in Sources */ = {isa = PBXBuildFile; fileRef = A50000000000000000000035 /* CoreTextTextEngine.swift */; };
		A50000000000000000000038 /* ExportButton.swift in Sources */ = {isa = PBXBuildFile; fileRef = A50000000000000000000037 /* ExportButton.swift */; };
		A5000000000000000000003A /* SceneExport.swift in Sources */ = {isa = PBXBuildFile; fileRef = A50000000000000000000039 /* SceneExport.swift */; };
		A5000000000000000000003C /* AccessibilityUITests.swift in Sources */ = {isa = PBXBuildFile; fileRef = A5000000000000000000003B /* AccessibilityUITests.swift */; };
/* End PBXBuildFile section */

/* Begin PBXFileReference section */
		A50000000000000000000001 /* AsterVegaDemoApp.swift */ = {isa = PBXFileReference; lastKnownFileType = sourcecode.swift; path = AsterVegaDemoApp.swift; sourceTree = "<group>"; };
		A50000000000000000000003 /* GalleryView.swift */ = {isa = PBXFileReference; lastKnownFileType = sourcecode.swift; path = GalleryView.swift; sourceTree = "<group>"; };
		A50000000000000000000005 /* VegaChartView.swift */ = {isa = PBXFileReference; lastKnownFileType = sourcecode.swift; name = VegaChartView.swift; path = ../AsterVegaRender/Sources/AsterVegaRender/VegaChartView.swift; sourceTree = "<group>"; };
		A50000000000000000000007 /* SpecLibrary.swift */ = {isa = PBXFileReference; lastKnownFileType = sourcecode.swift; path = SpecLibrary.swift; sourceTree = "<group>"; };
		A50000000000000000000009 /* DrawTarget.swift */ = {isa = PBXFileReference; lastKnownFileType = sourcecode.swift; name = DrawTarget.swift; path = ../AsterVegaRender/Sources/AsterVegaRender/DrawTarget.swift; sourceTree = "<group>"; };
		A5000000000000000000000B /* SceneWalk.swift */ = {isa = PBXFileReference; lastKnownFileType = sourcecode.swift; name = SceneWalk.swift; path = ../AsterVegaRender/Sources/AsterVegaRender/SceneWalk.swift; sourceTree = "<group>"; };
		A5000000000000000000000D /* CoreGraphicsTarget.swift */ = {isa = PBXFileReference; lastKnownFileType = sourcecode.swift; name = CoreGraphicsTarget.swift; path = ../AsterVegaRender/Sources/AsterVegaRender/CoreGraphicsTarget.swift; sourceTree = "<group>"; };
		A5000000000000000000000F /* RecordingTarget.swift */ = {isa = PBXFileReference; lastKnownFileType = sourcecode.swift; name = RecordingTarget.swift; path = ../AsterVegaRender/Sources/AsterVegaRender/RecordingTarget.swift; sourceTree = "<group>"; };
		A50000000000000000000011 /* CoreTextDrawing.swift */ = {isa = PBXFileReference; lastKnownFileType = sourcecode.swift; name = CoreTextDrawing.swift; path = ../AsterVegaRender/Sources/AsterVegaRender/CoreTextDrawing.swift; sourceTree = "<group>"; };
		A50000000000000000000013 /* Specs */ = {isa = PBXFileReference; lastKnownFileType = folder; path = Specs; sourceTree = "<group>"; };
		A50000000000000000000015 /* AsterVega.xcframework */ = {isa = PBXFileReference; lastKnownFileType = wrapper.xcframework; name = AsterVega.xcframework; path = "../../vega-runtime/build/XCFrameworks/debug/AsterVega.xcframework"; sourceTree = "<group>"; };
		A50000000000000000000017 /* AsterVegaDemo.app */ = {isa = PBXFileReference; explicitFileType = wrapper.application; includeInIndex = 0; path = AsterVegaDemo.app; sourceTree = BUILT_PRODUCTS_DIR; };
		A50000000000000000000029 /* ChartControls.swift */ = {isa = PBXFileReference; lastKnownFileType = sourcecode.swift; path = ChartControls.swift; sourceTree = "<group>"; };
		A5000000000000000000002B /* ChartSession.swift */ = {isa = PBXFileReference; lastKnownFileType = sourcecode.swift; name = ChartSession.swift; path = ../AsterVegaRender/Sources/AsterVegaRender/ChartSession.swift; sourceTree = "<group>"; };
		A50000000000000000000041 /* DemoLaunch.swift */ = {isa = PBXFileReference; lastKnownFileType = sourcecode.swift; path = DemoLaunch.swift; sourceTree = "<group>"; };
		A5000000000000000000002D /* PasteSpecView.swift */ = {isa = PBXFileReference; lastKnownFileType = sourcecode.swift; path = PasteSpecView.swift; sourceTree = "<group>"; };
		A5000000000000000000002F /* data */ = {isa = PBXFileReference; lastKnownFileType = folder; name = data; path = "../../test-fixtures/data"; sourceTree = SOURCE_ROOT; };
		A50000000000000000000031 /* VegaDataLoader.swift */ = {isa = PBXFileReference; lastKnownFileType = sourcecode.swift; name = VegaDataLoader.swift; path = ../AsterVegaRender/Sources/AsterVegaRender/VegaDataLoader.swift; sourceTree = "<group>"; };
		A50000000000000000000033 /* CoreTextFonts.swift */ = {isa = PBXFileReference; lastKnownFileType = sourcecode.swift; name = CoreTextFonts.swift; path = ../AsterVegaRender/Sources/AsterVegaRender/CoreTextFonts.swift; sourceTree = "<group>"; };
		A50000000000000000000035 /* CoreTextTextEngine.swift */ = {isa = PBXFileReference; lastKnownFileType = sourcecode.swift; name = CoreTextTextEngine.swift; path = ../AsterVegaRender/Sources/AsterVegaRender/CoreTextTextEngine.swift; sourceTree = "<group>"; };
		A50000000000000000000037 /* ExportButton.swift */ = {isa = PBXFileReference; lastKnownFileType = sourcecode.swift; path = ExportButton.swift; sourceTree = "<group>"; };
		A50000000000000000000039 /* SceneExport.swift */ = {isa = PBXFileReference; lastKnownFileType = sourcecode.swift; name = SceneExport.swift; path = ../AsterVegaRender/Sources/AsterVegaRender/SceneExport.swift; sourceTree = "<group>"; };
		A5000000000000000000003B /* AccessibilityUITests.swift */ = {isa = PBXFileReference; lastKnownFileType = sourcecode.swift; path = AccessibilityUITests.swift; sourceTree = "<group>"; };
		A5000000000000000000003D /* AsterVegaDemoUITests.xctest */ = {isa = PBXFileReference; explicitFileType = wrapper.cfbundle; includeInIndex = 0; path = AsterVegaDemoUITests.xctest; sourceTree = BUILT_PRODUCTS_DIR; };
/* End PBXFileReference section */

/* Begin PBXFrameworksBuildPhase section */
		A50000000000000000000027 /* Frameworks */ = {
			isa = PBXFrameworksBuildPhase;
			buildActionMask = 2147483647;
			files = (
				A50000000000000000000016 /* AsterVega.xcframework in Frameworks */,
			);
			runOnlyForDeploymentPostprocessing = 0;
		};
		A50000000000000000000050 /* Frameworks */ = {
			isa = PBXFrameworksBuildPhase;
			buildActionMask = 2147483647;
			files = (
			);
			runOnlyForDeploymentPostprocessing = 0;
		};
/* End PBXFrameworksBuildPhase section */

/* Begin PBXGroup section */
		A50000000000000000000018 = {
			isa = PBXGroup;
			children = (
				A50000000000000000000019 /* Sources */,
				A5000000000000000000001A /* AsterVegaRender */,
				A5000000000000000000001B /* Resources */,
				A5000000000000000000001C /* Frameworks */,
				A5000000000000000000003F /* UITests */,
				A5000000000000000000001D /* Products */,
			);
			sourceTree = "<group>";
		};
		A50000000000000000000019 /* Sources */ = {
			isa = PBXGroup;
			children = (
				A50000000000000000000001 /* AsterVegaDemoApp.swift */,
				A50000000000000000000037 /* ExportButton.swift */,
				A5000000000000000000002D /* PasteSpecView.swift */,
				A50000000000000000000029 /* ChartControls.swift */,
				A50000000000000000000003 /* GalleryView.swift */,
				A50000000000000000000007 /* SpecLibrary.swift */,
				A50000000000000000000041 /* DemoLaunch.swift */,
			);
			path = Sources;
			sourceTree = "<group>";
		};
		A5000000000000000000001A /* AsterVegaRender */ = {
			isa = PBXGroup;
			children = (
				A50000000000000000000005 /* VegaChartView.swift */,
				A5000000000000000000002B /* ChartSession.swift */,
				A50000000000000000000009 /* DrawTarget.swift */,
				A5000000000000000000000B /* SceneWalk.swift */,
				A50000000000000000000039 /* SceneExport.swift */,
				A50000000000000000000035 /* CoreTextTextEngine.swift */,
				A50000000000000000000033 /* CoreTextFonts.swift */,
				A50000000000000000000031 /* VegaDataLoader.swift */,
				A5000000000000000000000D /* CoreGraphicsTarget.swift */,
				A5000000000000000000000F /* RecordingTarget.swift */,
				A50000000000000000000011 /* CoreTextDrawing.swift */,
			);
			name = AsterVegaRender;
			sourceTree = "<group>";
		};
		A5000000000000000000001B /* Resources */ = {
			isa = PBXGroup;
			children = (
				A50000000000000000000013 /* Specs */,
				A5000000000000000000002F /* data */,
			);
			path = Resources;
			sourceTree = "<group>";
		};
		A5000000000000000000001C /* Frameworks */ = {
			isa = PBXGroup;
			children = (
				A50000000000000000000015 /* AsterVega.xcframework */,
			);
			name = Frameworks;
			sourceTree = "<group>";
		};
		A5000000000000000000001D /* Products */ = {
			isa = PBXGroup;
			children = (
				A50000000000000000000017 /* AsterVegaDemo.app */,
				A5000000000000000000003D /* AsterVegaDemoUITests.xctest */,
			);
			name = Products;
			sourceTree = "<group>";
		};
		A5000000000000000000003F /* UITests */ = {
			isa = PBXGroup;
			children = (
				A5000000000000000000003B /* AccessibilityUITests.swift */,
			);
			path = UITests;
			sourceTree = "<group>";
		};
/* End PBXGroup section */

/* Begin PBXNativeTarget section */
		A5000000000000000000001E /* AsterVegaDemo */ = {
			isa = PBXNativeTarget;
			buildConfigurationList = A50000000000000000000021 /* Build configuration list for PBXNativeTarget "AsterVegaDemo" */;
			buildPhases = (
				A50000000000000000000026 /* Sources */,
				A50000000000000000000027 /* Frameworks */,
				A50000000000000000000028 /* Resources */,
			);
			buildRules = (
			);
			dependencies = (
			);
			name = AsterVegaDemo;
			productName = AsterVegaDemo;
			productReference = A50000000000000000000017 /* AsterVegaDemo.app */;
			productType = "com.apple.product-type.application";
		};
		A5000000000000000000003E /* AsterVegaDemoUITests */ = {
			isa = PBXNativeTarget;
			buildConfigurationList = A50000000000000000000043 /* Build configuration list for PBXNativeTarget "AsterVegaDemoUITests" */;
			buildPhases = (
				A50000000000000000000040 /* Sources */,
				A50000000000000000000050 /* Frameworks */,
				A50000000000000000000051 /* Resources */,
			);
			buildRules = (
			);
			dependencies = (
				A50000000000000000000046 /* PBXTargetDependency */,
			);
			name = AsterVegaDemoUITests;
			productName = AsterVegaDemoUITests;
			productReference = A5000000000000000000003D /* AsterVegaDemoUITests.xctest */;
			productType = "com.apple.product-type.bundle.ui-testing";
		};
/* End PBXNativeTarget section */

/* Begin PBXProject section */
		A5000000000000000000001F /* Project object */ = {
			isa = PBXProject;
			attributes = {
				BuildIndependentTargetsInParallel = 1;
				LastSwiftUpdateCheck = 2660;
				LastUpgradeCheck = 2660;
			};
			buildConfigurationList = A50000000000000000000020 /* Build configuration list for PBXProject "AsterVegaDemo" */;
			compatibilityVersion = "Xcode 14.0";
			developmentRegion = en;
			hasScannedForEncodings = 0;
			knownRegions = (
				en,
				Base,
			);
			mainGroup = A50000000000000000000018;
			productRefGroup = A5000000000000000000001D /* Products */;
			projectDirPath = "";
			projectRoot = "";
			targets = (
				A5000000000000000000001E /* AsterVegaDemo */,
				A5000000000000000000003E /* AsterVegaDemoUITests */,
			);
		};
/* End PBXProject section */

/* Begin PBXTargetDependency section */
		A50000000000000000000046 /* PBXTargetDependency */ = {
			isa = PBXTargetDependency;
			target = A5000000000000000000001E /* AsterVegaDemo */;
			targetProxy = A50000000000000000000047 /* PBXContainerItemProxy */;
		};
/* End PBXTargetDependency section */

/* Begin PBXContainerItemProxy section */
		A50000000000000000000047 /* PBXContainerItemProxy */ = {
			isa = PBXContainerItemProxy;
			containerPortal = A5000000000000000000001F /* Project object */;
			proxyType = 1;
			remoteGlobalIDString = A5000000000000000000001E;
			remoteInfo = AsterVegaDemo;
		};
/* End PBXContainerItemProxy section */

/* Begin PBXResourcesBuildPhase section */
		A50000000000000000000028 /* Resources */ = {
			isa = PBXResourcesBuildPhase;
			buildActionMask = 2147483647;
			files = (
				A50000000000000000000014 /* Specs in Resources */,
				A50000000000000000000030 /* data in Resources */,
			);
			runOnlyForDeploymentPostprocessing = 0;
		};
		A50000000000000000000051 /* Resources */ = {
			isa = PBXResourcesBuildPhase;
			buildActionMask = 2147483647;
			files = (
			);
			runOnlyForDeploymentPostprocessing = 0;
		};
/* End PBXResourcesBuildPhase section */

/* Begin PBXSourcesBuildPhase section */
		A50000000000000000000026 /* Sources */ = {
			isa = PBXSourcesBuildPhase;
			buildActionMask = 2147483647;
			files = (
				A50000000000000000000002 /* AsterVegaDemoApp.swift in Sources */,
				A50000000000000000000038 /* ExportButton.swift in Sources */,
				A5000000000000000000002E /* PasteSpecView.swift in Sources */,
				A5000000000000000000002C /* ChartSession.swift in Sources */,
				A50000000000000000000042 /* DemoLaunch.swift in Sources */,
				A5000000000000000000002A /* ChartControls.swift in Sources */,
				A50000000000000000000004 /* GalleryView.swift in Sources */,
				A50000000000000000000006 /* VegaChartView.swift in Sources */,
				A50000000000000000000008 /* SpecLibrary.swift in Sources */,
				A5000000000000000000000A /* DrawTarget.swift in Sources */,
				A5000000000000000000000C /* SceneWalk.swift in Sources */,
				A5000000000000000000003A /* SceneExport.swift in Sources */,
				A50000000000000000000036 /* CoreTextTextEngine.swift in Sources */,
				A50000000000000000000034 /* CoreTextFonts.swift in Sources */,
				A50000000000000000000032 /* VegaDataLoader.swift in Sources */,
				A5000000000000000000000E /* CoreGraphicsTarget.swift in Sources */,
				A50000000000000000000010 /* RecordingTarget.swift in Sources */,
				A50000000000000000000012 /* CoreTextDrawing.swift in Sources */,
			);
			runOnlyForDeploymentPostprocessing = 0;
		};
		A50000000000000000000040 /* Sources */ = {
			isa = PBXSourcesBuildPhase;
			buildActionMask = 2147483647;
			files = (
				A5000000000000000000003C /* AccessibilityUITests.swift in Sources */,
			);
			runOnlyForDeploymentPostprocessing = 0;
		};
/* End PBXSourcesBuildPhase section */

/* Begin XCBuildConfiguration section */
		A50000000000000000000022 /* Debug */ = {
			isa = XCBuildConfiguration;
			buildSettings = {
				ALWAYS_SEARCH_USER_PATHS = NO;
				CLANG_ENABLE_MODULES = YES;
				CLANG_ENABLE_OBJC_ARC = YES;
				COPY_PHASE_STRIP = NO;
				DEBUG_INFORMATION_FORMAT = dwarf;
				ENABLE_STRICT_OBJC_MSGSEND = YES;
				ENABLE_TESTABILITY = YES;
				GCC_OPTIMIZATION_LEVEL = 0;
				IPHONEOS_DEPLOYMENT_TARGET = 17.0;
				ONLY_ACTIVE_ARCH = YES;
				SDKROOT = iphoneos;
				SWIFT_ACTIVE_COMPILATION_CONDITIONS = DEBUG;
				SWIFT_OPTIMIZATION_LEVEL = "-Onone";
				SWIFT_VERSION = 6.0;
			};
			name = Debug;
		};
		A50000000000000000000023 /* Release */ = {
			isa = XCBuildConfiguration;
			buildSettings = {
				ALWAYS_SEARCH_USER_PATHS = NO;
				CLANG_ENABLE_MODULES = YES;
				CLANG_ENABLE_OBJC_ARC = YES;
				COPY_PHASE_STRIP = NO;
				DEBUG_INFORMATION_FORMAT = "dwarf-with-dsym";
				ENABLE_NS_ASSERTIONS = NO;
				ENABLE_STRICT_OBJC_MSGSEND = YES;
				IPHONEOS_DEPLOYMENT_TARGET = 17.0;
				SDKROOT = iphoneos;
				SWIFT_COMPILATION_MODE = wholemodule;
				SWIFT_VERSION = 6.0;
				VALIDATE_PRODUCT = YES;
			};
			name = Release;
		};
		A50000000000000000000024 /* Debug */ = {
			isa = XCBuildConfiguration;
			buildSettings = {
				ASSETCATALOG_COMPILER_GLOBAL_ACCENT_COLOR_NAME = "";
				CODE_SIGN_STYLE = Automatic;
				CURRENT_PROJECT_VERSION = 1;
				ENABLE_PREVIEWS = YES;
				GENERATE_INFOPLIST_FILE = YES;
				INFOPLIST_KEY_UIApplicationSceneManifest_Generation = YES;
				INFOPLIST_KEY_UILaunchScreen_Generation = YES;
				INFOPLIST_KEY_UISupportedInterfaceOrientations = "UIInterfaceOrientationPortrait UIInterfaceOrientationLandscapeLeft UIInterfaceOrientationLandscapeRight";
				MARKETING_VERSION = 1.0;
				OTHER_LDFLAGS = "-ObjC";
				PRODUCT_BUNDLE_IDENTIFIER = dev.aster.vega.demo;
				PRODUCT_NAME = "$(TARGET_NAME)";
				SWIFT_EMIT_LOC_STRINGS = YES;
				TARGETED_DEVICE_FAMILY = "1,2";
			};
			name = Debug;
		};
		A50000000000000000000025 /* Release */ = {
			isa = XCBuildConfiguration;
			buildSettings = {
				ASSETCATALOG_COMPILER_GLOBAL_ACCENT_COLOR_NAME = "";
				CODE_SIGN_STYLE = Automatic;
				CURRENT_PROJECT_VERSION = 1;
				ENABLE_PREVIEWS = YES;
				GENERATE_INFOPLIST_FILE = YES;
				INFOPLIST_KEY_UIApplicationSceneManifest_Generation = YES;
				INFOPLIST_KEY_UILaunchScreen_Generation = YES;
				INFOPLIST_KEY_UISupportedInterfaceOrientations = "UIInterfaceOrientationPortrait UIInterfaceOrientationLandscapeLeft UIInterfaceOrientationLandscapeRight";
				MARKETING_VERSION = 1.0;
				OTHER_LDFLAGS = "-ObjC";
				PRODUCT_BUNDLE_IDENTIFIER = dev.aster.vega.demo;
				PRODUCT_NAME = "$(TARGET_NAME)";
				SWIFT_EMIT_LOC_STRINGS = YES;
				TARGETED_DEVICE_FAMILY = "1,2";
			};
			name = Release;
		};
		A50000000000000000000044 /* Debug */ = {
			isa = XCBuildConfiguration;
			buildSettings = {
				CODE_SIGN_STYLE = Automatic;
				GENERATE_INFOPLIST_FILE = YES;
				PRODUCT_BUNDLE_IDENTIFIER = dev.aster.vega.demo.uitests;
				PRODUCT_NAME = "$(TARGET_NAME)";
				SWIFT_EMIT_LOC_STRINGS = NO;
				TARGETED_DEVICE_FAMILY = "1,2";
				TEST_TARGET_NAME = AsterVegaDemo;
			};
			name = Debug;
		};
		A50000000000000000000045 /* Release */ = {
			isa = XCBuildConfiguration;
			buildSettings = {
				CODE_SIGN_STYLE = Automatic;
				GENERATE_INFOPLIST_FILE = YES;
				PRODUCT_BUNDLE_IDENTIFIER = dev.aster.vega.demo.uitests;
				PRODUCT_NAME = "$(TARGET_NAME)";
				SWIFT_EMIT_LOC_STRINGS = NO;
				TARGETED_DEVICE_FAMILY = "1,2";
				TEST_TARGET_NAME = AsterVegaDemo;
			};
			name = Release;
		};
/* End XCBuildConfiguration section */

/* Begin XCConfigurationList section */
		A50000000000000000000020 /* Build configuration list for PBXProject "AsterVegaDemo" */ = {
			isa = XCConfigurationList;
			buildConfigurations = (
				A50000000000000000000022 /* Debug */,
				A50000000000000000000023 /* Release */,
			);
			defaultConfigurationIsVisible = 0;
			defaultConfigurationName = Release;
		};
		A50000000000000000000021 /* Build configuration list for PBXNativeTarget "AsterVegaDemo" */ = {
			isa = XCConfigurationList;
			buildConfigurations = (
				A50000000000000000000024 /* Debug */,
				A50000000000000000000025 /* Release */,
			);
			defaultConfigurationIsVisible = 0;
			defaultConfigurationName = Release;
		};
		A50000000000000000000043 /* Build configuration list for PBXNativeTarget "AsterVegaDemoUITests" */ = {
			isa = XCConfigurationList;
			buildConfigurations = (
				A50000000000000000000044 /* Debug */,
				A50000000000000000000045 /* Release */,
			);
			defaultConfigurationIsVisible = 0;
			defaultConfigurationName = Release;
		};
/* End XCConfigurationList section */
	};
	rootObject = A5000000000000000000001F /* Project object */;
}
